{
  "version": 4,
  "terraform_version": "1.14.8",
  "serial": 38,
  "lineage": "4883449c-18d3-46f8-4844-8fa48e5a546a",
  "outputs": {
    "basic_session_id": {
      "value": "sesn_011Ca1E364CkXFM3s5aWRD9Q",
      "type": "string"
    },
    "basic_session_status": {
      "value": "idle",
      "type": "string"
    },
    "custom_tool_agent_id": {
      "value": "agent_011Ca1E33rysqnxkLksKDV7g",
      "type": "string"
    },
    "minimal_agent_id": {
      "value": "agent_011Ca1E33gKj56ryfB2abYka",
      "type": "string"
    },
    "production_env_id": {
      "value": "env_01XQG9YUoFnJVhe7SdJa5xZy",
      "type": "string"
    },
    "sandbox_env_id": {
      "value": "env_01VnG8h4LrUuP98J3VB7ehWH",
      "type": "string"
    },
    "tooled_agent_id": {
      "value": "agent_011Ca1E33iomjBm9as3kNUV6",
      "type": "string"
    },
    "tooled_session_id": {
      "value": "sesn_011Ca1E36G79XQMCjz9b81GH",
      "type": "string"
    },
    "tooled_session_status": {
      "value": "idle",
      "type": "string"
    },
    "vault_id": {
      "value": "vlt_011Ca1E33gKYcQNkq4A4SRxA",
      "type": "string"
    }
  },
  "resources": [
    {
      "mode": "managed",
      "type": "anthropic_managed_agent",
      "name": "custom_tool",
      "provider": "provider[\"registry.terraform.io/example/anthropic\"]",
      "instances": [
        {
          "schema_version": 0,
          "attributes": {
            "archived": false,
            "description": "Agent with a custom tool",
            "id": "agent_011Ca1E33rysqnxkLksKDV7g",
            "mcp_servers": null,
            "metadata": null,
            "model_id": "claude-sonnet-4-6",
            "model_speed": "standard",
            "name": "live-test-custom-tool",
            "skills": null,
            "system": null,
            "tools": [
              {
                "configs": null,
                "default_config": null,
                "description": "Returns current weather for a city",
                "input_schema": "{\"properties\":{\"city\":{\"description\":\"City name\",\"type\":\"string\"}},\"required\":[\"city\"],\"type\":\"object\"}",
                "mcp_server_name": null,
                "name": "get_weather",
                "type": "custom"
              }
            ],
            "version": 1
          },
          "sensitive_attributes": [],
          "identity_schema_version": 0
        }
      ]
    },
    {
      "mode": "managed",
      "type": "anthropic_managed_agent",
      "name": "minimal",
      "provider": "provider[\"registry.terraform.io/example/anthropic\"]",
      "instances": [
        {
          "schema_version": 0,
          "attributes": {
            "archived": false,
            "description": "Updated: now has a description",
            "id": "agent_011Ca1E33gKj56ryfB2abYka",
            "mcp_servers": null,
            "metadata": null,
            "model_id": "claude-sonnet-4-6",
            "model_speed": "standard",
            "name": "live-test-minimal",
            "skills": null,
            "system": null,
            "tools": null,
            "version": 2
          },
          "sensitive_attributes": [],
          "identity_schema_version": 0
        }
      ]
    },
    {
      "mode": "managed",
      "type": "anthropic_managed_agent",
      "name": "tooled",
      "provider": "provider[\"registry.terraform.io/example/anthropic\"]",
      "instances": [
        {
          "schema_version": 0,
          "attributes": {
            "archived": false,
            "description": "Agent with built-in toolset and configs",
            "id": "agent_011Ca1E33iomjBm9as3kNUV6",
            "mcp_servers": null,
            "metadata": null,
            "model_id": "claude-sonnet-4-6",
            "model_speed": "standard",
            "name": "live-test-tooled",
            "skills": null,
            "system": "You are a helpful coding assistant.",
            "tools": [
              {
                "configs": [
                  {
                    "enabled": true,
                    "name": "bash",
                    "permission_policy": "always_allow"
                  },
                  {
                    "enabled": true,
                    "name": "read",
                    "permission_policy": "always_allow"
                  }
                ],
                "default_config": {
                  "enabled": true,
                  "name": null,
                  "permission_policy": "always_ask"
                },
                "description": null,
                "input_schema": null,
                "mcp_server_name": null,
                "name": null,
                "type": "agent_toolset_20260401"
              }
            ],
            "version": 1
          },
          "sensitive_attributes": [],
          "identity_schema_version": 0
        }
      ]
    },
    {
      "mode": "managed",
      "type": "anthropic_managed_environment",
      "name": "production",
      "provider": "provider[\"registry.terraform.io/example/anthropic\"]",
      "instances": [
        {
          "schema_version": 0,
          "attributes": {
            "archived": false,
            "config": {
              "networking": {
                "allow_mcp_servers": false,
                "allow_package_managers": true,
                "allowed_hosts": [
                  "api.github.com",
                  "pypi.org"
                ],
                "type": "limited"
              },
              "packages": {
                "apt": null,
                "cargo": null,
                "gem": null,
                "go": null,
                "npm": null,
                "pip": [
                  "requests==2.32.3"
                ],
                "type": "packages"
              },
              "type": "cloud"
            },
            "description": "Locked-down environment with limited networking",
            "id": "env_01XQG9YUoFnJVhe7SdJa5xZy",
            "metadata": {
              "compliance": "internal",
              "test_run": "live-test"
            },
            "name": "live-test-production"
          },
          "sensitive_attributes": [],
          "identity_schema_version": 0
        }
      ]
    },
    {
      "mode": "managed",
      "type": "anthropic_managed_environment",
      "name": "sandbox",
      "provider": "provider[\"registry.terraform.io/example/anthropic\"]",
      "instances": [
        {
          "schema_version": 0,
          "attributes": {
            "archived": false,
            "config": {
              "networking": {
                "allow_mcp_servers": false,
                "allow_package_managers": true,
                "allowed_hosts": [
                  "api.github.com"
                ],
                "type": "limited"
              },
              "packages": {
                "apt": null,
                "cargo": null,
                "gem": null,
                "go": null,
                "npm": null,
                "pip": null,
                "type": "packages"
              },
              "type": "cloud"
            },
            "description": "Sandbox environment - now with limited networking",
            "id": "env_01VnG8h4LrUuP98J3VB7ehWH",
            "metadata": {
              "test_run": "live-test",
              "updated": "true"
            },
            "name": "live-test-sandbox"
          },
          "sensitive_attributes": [],
          "identity_schema_version": 0
        }
      ]
    },
    {
      "mode": "managed",
      "type": "anthropic_managed_session",
      "name": "basic",
      "provider": "provider[\"registry.terraform.io/example/anthropic\"]",
      "instances": [
        {
          "schema_version": 0,
          "attributes": {
            "agent_id": "agent_011Ca1E33gKj56ryfB2abYka",
            "agent_version": null,
            "archived": false,
            "environment_id": "env_01VnG8h4LrUuP98J3VB7ehWH",
            "id": "sesn_011Ca1E364CkXFM3s5aWRD9Q",
            "metadata": {
              "test_run": "live-test"
            },
            "resources": null,
            "status": "idle",
            "title": "live-test-basic-session-updated",
            "vault_ids": null
          },
          "sensitive_attributes": [
            [
              {
                "type": "get_attr",
                "value": "resources"
              }
            ]
          ],
          "identity_schema_version": 0,
          "dependencies": [
            "anthropic_managed_agent.minimal",
            "anthropic_managed_environment.sandbox"
          ]
        }
      ]
    },
    {
      "mode": "managed",
      "type": "anthropic_managed_session",
      "name": "tooled",
      "provider": "provider[\"registry.terraform.io/example/anthropic\"]",
      "instances": [
        {
          "schema_version": 0,
          "attributes": {
            "agent_id": "agent_011Ca1E33iomjBm9as3kNUV6",
            "agent_version": null,
            "archived": false,
            "environment_id": "env_01XQG9YUoFnJVhe7SdJa5xZy",
            "id": "sesn_011Ca1E36G79XQMCjz9b81GH",
            "metadata": null,
            "resources": null,
            "status": "idle",
            "title": "live-test-tooled-session",
            "vault_ids": null
          },
          "sensitive_attributes": [
            [
              {
                "type": "get_attr",
                "value": "resources"
              }
            ]
          ],
          "identity_schema_version": 0,
          "dependencies": [
            "anthropic_managed_agent.tooled",
            "anthropic_managed_environment.production"
          ]
        }
      ]
    },
    {
      "mode": "managed",
      "type": "anthropic_managed_vault",
      "name": "test",
      "provider": "provider[\"registry.terraform.io/example/anthropic\"]",
      "instances": [
        {
          "schema_version": 0,
          "attributes": {
            "archived": false,
            "display_name": "live-test-vault",
            "id": "vlt_011Ca1E33gKYcQNkq4A4SRxA",
            "metadata": {
              "test_run": "live-test"
            }
          },
          "sensitive_attributes": [],
          "identity_schema_version": 0
        }
      ]
    }
  ],
  "check_results": null
}
